
Microsoft Visual Studio Solution File, Format Version 12.00
# Visual Studio 14
VisualStudioVersion = 14.0.24720.0
MinimumVisualStudioVersion = 10.0.40219.1
Project("{FAE04EC0-301F-11D3-BF4B-00C04F79EFBC}") = "DurakCommon", "DurakFinal\DurakCommon.csproj", "{491019DA-8910-431F-9142-AC6EA10ED4CA}"
EndProject
Project("{FAE04EC0-301F-11D3-BF4B-00C04F79EFBC}") = "DurakTester", "DurakTester\DurakTester.csproj", "{75C7C15F-0E67-4FCF-89E7-898191F7B704}"
EndProject
Project("{FAE04EC0-301F-11D3-BF4B-00C04F79EFBC}") = "DurakGame", "DurakGame\DurakGame.csproj", "{28AF177D-DBFF-41B7-A275-648E59CAE34A}"
EndProject
Global
	GlobalSection(SolutionConfigurationPlatforms) = preSolution
		Debug|Any CPU = Debug|Any CPU
		Debug|x64 = Debug|x64
		Debug|x86 = Debug|x86
		Release|Any CPU = Release|Any CPU
		Release|x64 = Release|x64
		Release|x86 = Release|x86
	EndGlobalSection
	GlobalSection(ProjectConfigurationPlatforms) = postSolution
		{491019DA-8910-431F-9142-AC6EA10ED4CA}.Debug|Any CPU.ActiveCfg = Debug|Any CPU
		{491019DA-8910-431F-9142-AC6EA10ED4CA}.Debug|Any CPU.Build.0 = Debug|Any CPU
		{491019DA-8910-431F-9142-AC6EA10ED4CA}.Debug|x64.ActiveCfg = Debug|x64
		{491019DA-8910-431F-9142-AC6EA10ED4CA}.Debug|x64.Build.0 = Debug|x64
		{491019DA-8910-431F-9142-AC6EA10ED4CA}.Debug|x86.ActiveCfg = Debug|x86
		{491019DA-8910-431F-9142-AC6EA10ED4CA}.Debug|x86.Build.0 = Debug|x86
		{491019DA-8910-431F-9142-AC6EA10ED4CA}.Release|Any CPU.ActiveCfg = Release|Any CPU
		{491019DA-8910-431F-9142-AC6EA10ED4CA}.Release|Any CPU.Build.0 = Release|Any CPU
		{491019DA-8910-431F-9142-AC6EA10ED4CA}.Release|x64.ActiveCfg = Release|x64
		{491019DA-8910-431F-9142-AC6EA10ED4CA}.Release|x64.Build.0 = Release|x64
		{491019DA-8910-431F-9142-AC6EA10ED4CA}.Release|x86.ActiveCfg = Release|x86
		{491019DA-8910-431F-9142-AC6EA10ED4CA}.Release|x86.Build.0 = Release|x86
		{75C7C15F-0E67-4FCF-89E7-898191F7B704}.Debug|Any CPU.ActiveCfg = Debug|Any CPU
		{75C7C15F-0E67-4FCF-89E7-898191F7B704}.Debug|Any CPU.Build.0 = Debug|Any CPU
		{75C7C15F-0E67-4FCF-89E7-898191F7B704}.Debug|x64.ActiveCfg = Debug|x64
		{75C7C15F-0E67-4FCF-89E7-898191F7B704}.Debug|x64.Build.0 = Debug|x64
		{75C7C15F-0E67-4FCF-89E7-898191F7B704}.Debug|x86.ActiveCfg = Debug|x86
		{75C7C15F-0E67-4FCF-89E7-898191F7B704}.Debug|x86.Build.0 = Debug|x86
		{75C7C15F-0E67-4FCF-89E7-898191F7B704}.Release|Any CPU.ActiveCfg = Release|Any CPU
		{75C7C15F-0E67-4FCF-89E7-898191F7B704}.Release|Any CPU.Build.0 = Release|Any CPU
		{75C7C15F-0E67-4FCF-89E7-898191F7B704}.Release|x64.ActiveCfg = Release|x64
		{75C7C15F-0E67-4FCF-89E7-898191F7B704}.Release|x64.Build.0 = Release|x64
		{75C7C15F-0E67-4FCF-89E7-898191F7B704}.Release|x86.ActiveCfg = Release|x86
		{75C7C15F-0E67-4FCF-89E7-898191F7B704}.Release|x86.Build.0 = Release|x86
		{28AF177D-DBFF-41B7-A275-648E59CAE34A}.Debug|Any CPU.ActiveCfg = Debug|Any CPU
		{28AF177D-DBFF-41B7-A275-648E59CAE34A}.Debug|Any CPU.Build.0 = Debug|Any CPU
		{28AF177D-DBFF-41B7-A275-648E59CAE34A}.Debug|x64.ActiveCfg = Debug|x64
		{28AF177D-DBFF-41B7-A275-648E59CAE34A}.Debug|x64.Build.0 = Debug|x64
		{28AF177D-DBFF-41B7-A275-648E59CAE34A}.Debug|x86.ActiveCfg = Debug|x86
		{28AF177D-DBFF-41B7-A275-648E59CAE34A}.Debug|x86.Build.0 = Debug|x86
		{28AF177D-DBFF-41B7-A275-648E59CAE34A}.Release|Any CPU.ActiveCfg = Release|Any CPU
		{28AF177D-DBFF-41B7-A275-648E59CAE34A}.Release|Any CPU.Build.0 = Release|Any CPU
		{28AF177D-DBFF-41B7-A275-648E59CAE34A}.Release|x64.ActiveCfg = Release|x64
		{28AF177D-DBFF-41B7-A275-648E59CAE34A}.Release|x64.Build.0 = Release|x64
		{28AF177D-DBFF-41B7-A275-648E59CAE34A}.Release|x86.ActiveCfg = Release|x86
		{28AF177D-DBFF-41B7-A275-648E59CAE34A}.Release|x86.Build.0 = Release|x86
	EndGlobalSection
	GlobalSection(SolutionProperties) = preSolution
		HideSolutionNode = FALSE
	EndGlobalSection
EndGlobal
